{
  "version": 4,
  "terraform_version": "1.4.2",
  "serial": 8,
  "lineage": "093f231b-fa5d-6b0a-faec-aa2fa2858a25",
  "outputs": {},
  "resources": [
    {
      "mode": "managed",
      "type": "local_file",
      "name": "file-block",
      "provider": "provider[\"registry.terraform.io/hashicorp/local\"]",
      "instances": [
        {
          "schema_version": 0,
          "attributes": {
            "content": "\u003ch3\u003ehello world i am pratham\u003c/h3\u003e",
            "content_base64": null,
            "content_base64sha256": "9uR9bDnEDz6mXqRdu80ztIfux53tAfZ7RSN/q75DZPg=",
            "content_base64sha512": "+qsXPKJrmXM7RindAToTdK3zGElMKFKFN7cmEvVTmzH5p56Z0X50gKhjfyk/pFsPPehFqKmtI7DHWsOEziqNwQ==",
            "content_md5": "301227b412643e262e73e5de81d5238a",
            "content_sha1": "eb4cff45b2ef62c9cd0ef659e9cdfa5ec65bf33e",
            "content_sha256": "f6e47d6c39c40f3ea65ea45dbbcd33b487eec79ded01f67b45237fabbe4364f8",
            "content_sha512": "faab173ca26b99733b4629dd013a1374adf318494c28528537b72612f5539b31f9a79e99d17e7480a8637f293fa45b0f3de845a8a9ad23b0c75ac384ce2a8dc1",
            "directory_permission": "0777",
            "file_permission": "0777",
            "filename": "hello.html",
            "id": "eb4cff45b2ef62c9cd0ef659e9cdfa5ec65bf33e",
            "sensitive_content": null,
            "source": null
          },
          "sensitive_attributes": []
        }
      ]
    },
    {
      "mode": "managed",
      "type": "local_file",
      "name": "res2",
      "provider": "provider[\"registry.terraform.io/hashicorp/local\"]",
      "instances": [
        {
          "schema_version": 0,
          "attributes": {
            "content": "hello",
            "content_base64": null,
            "content_base64sha256": "LPJNul+wow4m6DsqxbninhsWHlwfp0JecwQzYpOLmCQ=",
            "content_base64sha512": "m3HSJL1i83hdltRq0+o9czGb+8KJDKra4t/3JRlnPKcjI8PZm6XBHXx6zG4UuMXaDEZjR1wuXDre9G9zvN7AQw==",
            "content_md5": "5d41402abc4b2a76b9719d911017c592",
            "content_sha1": "aaf4c61ddcc5e8a2dabede0f3b482cd9aea9434d",
            "content_sha256": "2cf24dba5fb0a30e26e83b2ac5b9e29e1b161e5c1fa7425e73043362938b9824",
            "content_sha512": "9b71d224bd62f3785d96d46ad3ea3d73319bfbc2890caadae2dff72519673ca72323c3d99ba5c11d7c7acc6e14b8c5da0c4663475c2e5c3adef46f73bcdec043",
            "directory_permission": "0777",
            "file_permission": "0777",
            "filename": "hello2.html",
            "id": "aaf4c61ddcc5e8a2dabede0f3b482cd9aea9434d",
            "sensitive_content": null,
            "source": null
          },
          "sensitive_attributes": []
        }
      ]
    }
  ],
  "check_results": null
}
