{
  "version": 4,
  "terraform_version": "1.4.2",
  "serial": 1,
  "lineage": "d52f819c-6120-bff7-8a73-32897463d366",
  "outputs": {},
  "resources": [
    {
      "mode": "managed",
      "type": "local_file",
      "name": "userInfo_txt_fiile",
      "provider": "provider[\"registry.terraform.io/hashicorp/local\"]",
      "instances": [
        {
          "schema_version": 0,
          "attributes": {
            "content": "Name: prt",
            "content_base64": null,
            "content_base64sha256": "d2hTyFN08UH9lLyB6f00JhKzlwnI+Czpl+JNIQrjiQo=",
            "content_base64sha512": "JxmZ+/KVjUql+HHc9jANvytzXrzXX48YF/CaG7E/rYXpRW1O/lgDcsJWclO/817UPv9LQnFFkrhojVWkbNwH4g==",
            "content_md5": "ca9b4a217cd6163e28431c2b71b37127",
            "content_sha1": "b90b9fed7e91674121d03fe457518096b2f34655",
            "content_sha256": "776853c85374f141fd94bc81e9fd342612b39709c8f82ce997e24d210ae3890a",
            "content_sha512": "271999fbf2958d4aa5f871dcf6300dbf2b735ebcd75f8f1817f09a1bb13fad85e9456d4efe580372c2567253bff35ed43eff4b42714592b8688d55a46cdc07e2",
            "directory_permission": "0777",
            "file_permission": "0777",
            "filename": "user.txt",
            "id": "b90b9fed7e91674121d03fe457518096b2f34655",
            "sensitive_content": null,
            "source": null
          },
          "sensitive_attributes": []
        }
      ]
    }
  ],
  "check_results": null
}
