{
  "version": 4,
  "terraform_version": "1.4.2",
  "serial": 4,
  "lineage": "d52f819c-6120-bff7-8a73-32897463d366",
  "outputs": {},
  "resources": [
    {
      "mode": "managed",
      "type": "local_file",
      "name": "userInfo_txt_fiile",
      "provider": "provider[\"registry.terraform.io/hashicorp/local\"]",
      "instances": [
        {
          "schema_version": 0,
          "attributes": {
            "content": "Name: Pratham",
            "content_base64": null,
            "content_base64sha256": "pU7j0qg55RmQs6AD9IK+1RChttNAGpkHu9CvFA9Enn0=",
            "content_base64sha512": "uJdKNaXEH2O7Rw/ONTji2o0aHGDoVsCssPOUEbOqLANOqRE/yJt8IeqXXmRsrJDOj/Z9GA0buuAn/6qXxAl5ZQ==",
            "content_md5": "14ed34398883b7e216ad15f412979c53",
            "content_sha1": "a8caa042193efb74055c0586a8db4df4650d3398",
            "content_sha256": "a54ee3d2a839e51990b3a003f482bed510a1b6d3401a9907bbd0af140f449e7d",
            "content_sha512": "b8974a35a5c41f63bb470fce3538e2da8d1a1c60e856c0acb0f39411b3aa2c034ea9113fc89b7c21ea975e646cac90ce8ff67d180d1bbae027ffaa97c4097965",
            "directory_permission": "0777",
            "file_permission": "0777",
            "filename": "user.txt",
            "id": "a8caa042193efb74055c0586a8db4df4650d3398",
            "sensitive_content": null,
            "source": null
          },
          "sensitive_attributes": []
        }
      ]
    }
  ],
  "check_results": null
}
